dependencies:
- name: redis
  repository: oci://registry-1.docker.io/bitnamicharts
  version: 22.0.7
- name: mariadb
  repository: oci://registry-1.docker.io/bitnamicharts
  version: 21.0.8
- name: tika
  repository: https://apache.jfrog.io/artifactory/tika
  version: 2.9.0
- name: postgresql
  repository: oci://registry-1.docker.io/bitnamicharts
  version: 16.7.27
- name: gotenberg
  repository: https://maikumori.github.io/helm-charts
  version: 1.7.0
digest: sha256:2a1f9630b60de863899498e68bd0acaeae980908fdd373b3a3365e2fbe591dd5
generated: "2025-08-27T20:13:16.628267093Z"
