dependencies:
- name: redis
  repository: oci://registry-1.docker.io/bitnamicharts
  version: 20.11.3
- name: mariadb
  repository: oci://registry-1.docker.io/bitnamicharts
  version: 20.4.1
- name: tika
  repository: https://apache.jfrog.io/artifactory/tika
  version: 2.9.0
- name: postgresql
  repository: oci://registry-1.docker.io/bitnamicharts
  version: 16.5.2
- name: gotenberg
  repository: https://maikumori.github.io/helm-charts
  version: 1.7.0
digest: sha256:c36ff56787e500e848de2fb81de7b83bea489f975d295264fa11f0d95b076fb2
generated: "2025-03-18T02:57:13.997624118Z"
