dependencies:
- name: redis
  repository: oci://registry-1.docker.io/bitnamicharts
  version: 20.13.2
- name: mariadb
  repository: oci://registry-1.docker.io/bitnamicharts
  version: 20.4.3
- name: tika
  repository: https://apache.jfrog.io/artifactory/tika
  version: 2.9.0
- name: postgresql
  repository: oci://registry-1.docker.io/bitnamicharts
  version: 16.6.6
- name: gotenberg
  repository: https://maikumori.github.io/helm-charts
  version: 1.7.0
digest: sha256:a852b604ce825159301be36dd86c51228a5c758f58547150dbd031a48704dd61
generated: "2025-04-26T03:03:08.232349832Z"
